
Microsoft Visual Studio Solution File, Format Version 12.00
# Visual Studio Version 16
VisualStudioVersion = 16.0.29806.167
MinimumVisualStudioVersion = 10.0.40219.1
Project("{FAE04EC0-301F-11D3-BF4B-00C04F79EFBC}") = "BadgesGBC", "BadgesGBC\BadgesGBC.csproj", "{0473C441-864C-42BE-8168-77B0D8116C8D}"
EndProject
Global
	GlobalSection(SolutionConfigurationPlatforms) = preSolution
		Debug|Any CPU = Debug|Any CPU
		Release|Any CPU = Release|Any CPU
	EndGlobalSection
	GlobalSection(ProjectConfigurationPlatforms) = postSolution
		{0473C441-864C-42BE-8168-77B0D8116C8D}.Debug|Any CPU.ActiveCfg = Debug|Any CPU
		{0473C441-864C-42BE-8168-77B0D8116C8D}.Debug|Any CPU.Build.0 = Debug|Any CPU
		{0473C441-864C-42BE-8168-77B0D8116C8D}.Release|Any CPU.ActiveCfg = Release|Any CPU
		{0473C441-864C-42BE-8168-77B0D8116C8D}.Release|Any CPU.Build.0 = Release|Any CPU
	EndGlobalSection
	GlobalSection(SolutionProperties) = preSolution
		HideSolutionNode = FALSE
	EndGlobalSection
	GlobalSection(ExtensibilityGlobals) = postSolution
		SolutionGuid = {1A301C77-D1EF-4DCE-A5A6-25B2933D6A7B}
	EndGlobalSection
EndGlobal
